// !$*UTF8*$!
{
	archiveVersion = 1;
	classes = {
	};
	objectVersion = 46;
	objects = {

/* Begin PBXBuildFile section */
		2C831FA30C7CF22A5127D256 /* libPods-RuntimePractice.a in Frameworks */ = {isa = PBXBuildFile; fileRef = 6F413FA19EB1AD38507811EF /* libPods-RuntimePractice.a */; };
		5200895D1D81F5DE00EBB4C6 /* Test2ViewController.m in Sources */ = {isa = PBXBuildFile; fileRef = 5200895C1D81F5DE00EBB4C6 /* Test2ViewController.m */; };
		520089601D81FA2A00EBB4C6 /* Test1ViewController.m in Sources */ = {isa = PBXBuildFile; fileRef = 5200895F1D81FA2A00EBB4C6 /* Test1ViewController.m */; };
		5221CE031D7F69DA0024653A /* UIViewController+MethodSwizzling.m in Sources */ = {isa = PBXBuildFile; fileRef = 5221CE021D7F69DA0024653A /* UIViewController+MethodSwizzling.m */; };
		522779D41D7EB984006C9D94 /* main.m in Sources */ = {isa = PBXBuildFile; fileRef = 522779D31D7EB984006C9D94 /* main.m */; };
		522779D71D7EB984006C9D94 /* AppDelegate.m in Sources */ = {isa = PBXBuildFile; fileRef = 522779D61D7EB984006C9D94 /* AppDelegate.m */; };
		522779DA1D7EB984006C9D94 /* ViewController.m in Sources */ = {isa = PBXBuildFile; fileRef = 522779D91D7EB984006C9D94 /* ViewController.m */; };
		522779DD1D7EB984006C9D94 /* Main.storyboard in Resources */ = {isa = PBXBuildFile; fileRef = 522779DB1D7EB984006C9D94 /* Main.storyboard */; };
		522779DF1D7EB984006C9D94 /* Assets.xcassets in Resources */ = {isa = PBXBuildFile; fileRef = 522779DE1D7EB984006C9D94 /* Assets.xcassets */; };
		522779E21D7EB984006C9D94 /* LaunchScreen.storyboard in Resources */ = {isa = PBXBuildFile; fileRef = 522779E01D7EB984006C9D94 /* LaunchScreen.storyboard */; };
		522779ED1D7EB985006C9D94 /* RuntimePracticeTests.m in Sources */ = {isa = PBXBuildFile; fileRef = 522779EC1D7EB985006C9D94 /* RuntimePracticeTests.m */; };
		522779F81D7EB985006C9D94 /* RuntimePracticeUITests.m in Sources */ = {isa = PBXBuildFile; fileRef = 522779F71D7EB985006C9D94 /* RuntimePracticeUITests.m */; };
		8EED12A81AA765C91D3EB657 /* libPods-RuntimePracticeUITests.a in Frameworks */ = {isa = PBXBuildFile; fileRef = 2C08BF31EC67E6FBA75DC7DD /* libPods-RuntimePracticeUITests.a */; };
		ACF5C5AA8D85673323C66129 /* libPods-RuntimePracticeTests.a in Frameworks */ = {isa = PBXBuildFile; fileRef = C5F316DBC28D83DD115AC7DB /* libPods-RuntimePracticeTests.a */; };
/* End PBXBuildFile section */

/* Begin PBXContainerItemProxy section */
		522779E91D7EB985006C9D94 /* PBXContainerItemProxy */ = {
			isa = PBXContainerItemProxy;
			containerPortal = 522779C71D7EB984006C9D94 /* Project object */;
			proxyType = 1;
			remoteGlobalIDString = 522779CE1D7EB984006C9D94;
			remoteInfo = RuntimePractice;
		};
		522779F41D7EB985006C9D94 /* PBXContainerItemProxy */ = {
			isa = PBXContainerItemProxy;
			containerPortal = 522779C71D7EB984006C9D94 /* Project object */;
			proxyType = 1;
			remoteGlobalIDString = 522779CE1D7EB984006C9D94;
			remoteInfo = RuntimePractice;
		};
/* End PBXContainerItemProxy section */

/* Begin PBXFileReference section */
		02333D54B5CE453D8314D0E5 /* Pods-RuntimePracticeUITests.release.xcconfig */ = {isa = PBXFileReference; includeInIndex = 1; lastKnownFileType = text.xcconfig; name = "Pods-RuntimePracticeUITests.release.xcconfig"; path = "Pods/Target Support Files/Pods-RuntimePracticeUITests/Pods-RuntimePracticeUITests.release.xcconfig"; sourceTree = "<group>"; };
		2A1E651B57F0D602D9B83457 /* Pods-RuntimePracticeTests.release.xcconfig */ = {isa = PBXFileReference; includeInIndex = 1; lastKnownFileType = text.xcconfig; name = "Pods-RuntimePracticeTests.release.xcconfig"; path = "Pods/Target Support Files/Pods-RuntimePracticeTests/Pods-RuntimePracticeTests.release.xcconfig"; sourceTree = "<group>"; };
		2C08BF31EC67E6FBA75DC7DD /* libPods-RuntimePracticeUITests.a */ = {isa = PBXFileReference; explicitFileType = archive.ar; includeInIndex = 0; path = "libPods-RuntimePracticeUITests.a"; sourceTree = BUILT_PRODUCTS_DIR; };
		5200895B1D81F5DE00EBB4C6 /* Test2ViewController.h */ = {isa = PBXFileReference; fileEncoding = 4; lastKnownFileType = sourcecode.c.h; path = Test2ViewController.h; sourceTree = "<group>"; };
		5200895C1D81F5DE00EBB4C6 /* Test2ViewController.m */ = {isa = PBXFileReference; fileEncoding = 4; lastKnownFileType = sourcecode.c.objc; path = Test2ViewController.m; sourceTree = "<group>"; };
		5200895E1D81FA2A00EBB4C6 /* Test1ViewController.h */ = {isa = PBXFileReference; fileEncoding = 4; lastKnownFileType = sourcecode.c.h; path = Test1ViewController.h; sourceTree = "<group>"; };
		5200895F1D81FA2A00EBB4C6 /* Test1ViewController.m */ = {isa = PBXFileReference; fileEncoding = 4; lastKnownFileType = sourcecode.c.objc; path = Test1ViewController.m; sourceTree = "<group>"; };
		5221CE011D7F69DA0024653A /* UIViewController+MethodSwizzling.h */ = {isa = PBXFileReference; fileEncoding = 4; lastKnownFileType = sourcecode.c.h; path = "UIViewController+MethodSwizzling.h"; sourceTree = "<group>"; };
		5221CE021D7F69DA0024653A /* UIViewController+MethodSwizzling.m */ = {isa = PBXFileReference; fileEncoding = 4; lastKnownFileType = sourcecode.c.objc; path = "UIViewController+MethodSwizzling.m"; sourceTree = "<group>"; };
		522779CF1D7EB984006C9D94 /* RuntimePractice.app */ = {isa = PBXFileReference; explicitFileType = wrapper.application; includeInIndex = 0; path = RuntimePractice.app; sourceTree = BUILT_PRODUCTS_DIR; };
		522779D31D7EB984006C9D94 /* main.m */ = {isa = PBXFileReference; lastKnownFileType = sourcecode.c.objc; path = main.m; sourceTree = "<group>"; };
		522779D51D7EB984006C9D94 /* AppDelegate.h */ = {isa = PBXFileReference; lastKnownFileType = sourcecode.c.h; path = AppDelegate.h; sourceTree = "<group>"; };
		522779D61D7EB984006C9D94 /* AppDelegate.m */ = {isa = PBXFileReference; lastKnownFileType = sourcecode.c.objc; path = AppDelegate.m; sourceTree = "<group>"; };
		522779D81D7EB984006C9D94 /* ViewController.h */ = {isa = PBXFileReference; lastKnownFileType = sourcecode.c.h; path = ViewController.h; sourceTree = "<group>"; };
		522779D91D7EB984006C9D94 /* ViewController.m */ = {isa = PBXFileReference; lastKnownFileType = sourcecode.c.objc; path = ViewController.m; sourceTree = "<group>"; };
		522779DC1D7EB984006C9D94 /* Base */ = {isa = PBXFileReference; lastKnownFileType = file.storyboard; name = Base; path = Base.lproj/Main.storyboard; sourceTree = "<group>"; };
		522779DE1D7EB984006C9D94 /* Assets.xcassets */ = {isa = PBXFileReference; lastKnownFileType = folder.assetcatalog; path = Assets.xcassets; sourceTree = "<group>"; };
		522779E11D7EB984006C9D94 /* Base */ = {isa = PBXFileReference; lastKnownFileType = file.storyboard; name = Base; path = Base.lproj/LaunchScreen.storyboard; sourceTree = "<group>"; };
		522779E31D7EB984006C9D94 /* Info.plist */ = {isa = PBXFileReference; lastKnownFileType = text.plist.xml; path = Info.plist; sourceTree = "<group>"; };
		522779E81D7EB985006C9D94 /* RuntimePracticeTests.xctest */ = {isa = PBXFileReference; explicitFileType = wrapper.cfbundle; includeInIndex = 0; path = RuntimePracticeTests.xctest; sourceTree = BUILT_PRODUCTS_DIR; };
		522779EC1D7EB985006C9D94 /* RuntimePracticeTests.m */ = {isa = PBXFileReference; lastKnownFileType = sourcecode.c.objc; path = RuntimePracticeTests.m; sourceTree = "<group>"; };
		522779EE1D7EB985006C9D94 /* Info.plist */ = {isa = PBXFileReference; lastKnownFileType = text.plist.xml; path = Info.plist; sourceTree = "<group>"; };
		522779F31D7EB985006C9D94 /* RuntimePracticeUITests.xctest */ = {isa = PBXFileReference; explicitFileType = wrapper.cfbundle; includeInIndex = 0; path = RuntimePracticeUITests.xctest; sourceTree = BUILT_PRODUCTS_DIR; };
		522779F71D7EB985006C9D94 /* RuntimePracticeUITests.m */ = {isa = PBXFileReference; lastKnownFileType = sourcecode.c.objc; path = RuntimePracticeUITests.m; sourceTree = "<group>"; };
		522779F91D7EB985006C9D94 /* Info.plist */ = {isa = PBXFileReference; lastKnownFileType = text.plist.xml; path = Info.plist; sourceTree = "<group>"; };
		52DF0A541D808B960055ADE8 /* PrefixHeader.pch */ = {isa = PBXFileReference; lastKnownFileType = sourcecode.c.h; path = PrefixHeader.pch; sourceTree = "<group>"; };
		52DF0A5C1D8099890055ADE8 /* GlobalFunction.h */ = {isa = PBXFileReference; lastKnownFileType = sourcecode.c.h; path = GlobalFunction.h; sourceTree = "<group>"; };
		5367160BA0B714E8ED7DB8AD /* Pods-RuntimePracticeUITests.debug.xcconfig */ = {isa = PBXFileReference; includeInIndex = 1; lastKnownFileType = text.xcconfig; name = "Pods-RuntimePracticeUITests.debug.xcconfig"; path = "Pods/Target Support Files/Pods-RuntimePracticeUITests/Pods-RuntimePracticeUITests.debug.xcconfig"; sourceTree = "<group>"; };
		67BE6BFB486CFBC590B3BC8F /* Pods-RuntimePractice.debug.xcconfig */ = {isa = PBXFileReference; includeInIndex = 1; lastKnownFileType = text.xcconfig; name = "Pods-RuntimePractice.debug.xcconfig"; path = "Pods/Target Support Files/Pods-RuntimePractice/Pods-RuntimePractice.debug.xcconfig"; sourceTree = "<group>"; };
		6F413FA19EB1AD38507811EF /* libPods-RuntimePractice.a */ = {isa = PBXFileReference; explicitFileType = archive.ar; includeInIndex = 0; path = "libPods-RuntimePractice.a"; sourceTree = BUILT_PRODUCTS_DIR; };
		9C1A9C00D38FA9F67DC65F4A /* Pods-RuntimePracticeTests.debug.xcconfig */ = {isa = PBXFileReference; includeInIndex = 1; lastKnownFileType = text.xcconfig; name = "Pods-RuntimePracticeTests.debug.xcconfig"; path = "Pods/Target Support Files/Pods-RuntimePracticeTests/Pods-RuntimePracticeTests.debug.xcconfig"; sourceTree = "<group>"; };
		C5F316DBC28D83DD115AC7DB /* libPods-RuntimePracticeTests.a */ = {isa = PBXFileReference; explicitFileType = archive.ar; includeInIndex = 0; path = "libPods-RuntimePracticeTests.a"; sourceTree = BUILT_PRODUCTS_DIR; };
		E0EE169EB07E996D138FC831 /* Pods-RuntimePractice.release.xcconfig */ = {isa = PBXFileReference; includeInIndex = 1; lastKnownFileType = text.xcconfig; name = "Pods-RuntimePractice.release.xcconfig"; path = "Pods/Target Support Files/Pods-RuntimePractice/Pods-RuntimePractice.release.xcconfig"; sourceTree = "<group>"; };
/* End PBXFileReference section */

/* Begin PBXFrameworksBuildPhase section */
		522779CC1D7EB984006C9D94 /* Frameworks */ = {
			isa = PBXFrameworksBuildPhase;
			buildActionMask = 2147483647;
			files = (
				2C831FA30C7CF22A5127D256 /* libPods-RuntimePractice.a in Frameworks */,
			);
			runOnlyForDeploymentPostprocessing = 0;
		};
		522779E51D7EB985006C9D94 /* Frameworks */ = {
			isa = PBXFrameworksBuildPhase;
			buildActionMask = 2147483647;
			files = (
				ACF5C5AA8D85673323C66129 /* libPods-RuntimePracticeTests.a in Frameworks */,
			);
			runOnlyForDeploymentPostprocessing = 0;
		};
		522779F01D7EB985006C9D94 /* Frameworks */ = {
			isa = PBXFrameworksBuildPhase;
			buildActionMask = 2147483647;
			files = (
				8EED12A81AA765C91D3EB657 /* libPods-RuntimePracticeUITests.a in Frameworks */,
			);
			runOnlyForDeploymentPostprocessing = 0;
		};
/* End PBXFrameworksBuildPhase section */

/* Begin PBXGroup section */
		5221CE001D7F69DA0024653A /* categories */ = {
			isa = PBXGroup;
			children = (
				5221CE011D7F69DA0024653A /* UIViewController+MethodSwizzling.h */,
				5221CE021D7F69DA0024653A /* UIViewController+MethodSwizzling.m */,
			);
			path = categories;
			sourceTree = "<group>";
		};
		522779C61D7EB984006C9D94 = {
			isa = PBXGroup;
			children = (
				522779D11D7EB984006C9D94 /* RuntimePractice */,
				522779EB1D7EB985006C9D94 /* RuntimePracticeTests */,
				522779F61D7EB985006C9D94 /* RuntimePracticeUITests */,
				522779D01D7EB984006C9D94 /* Products */,
				D0CA9BA4B6F58BD535B59ABE /* Pods */,
				E663D005A7AD50F2F1FD5E06 /* Frameworks */,
			);
			sourceTree = "<group>";
		};
		522779D01D7EB984006C9D94 /* Products */ = {
			isa = PBXGroup;
			children = (
				522779CF1D7EB984006C9D94 /* RuntimePractice.app */,
				522779E81D7EB985006C9D94 /* RuntimePracticeTests.xctest */,
				522779F31D7EB985006C9D94 /* RuntimePracticeUITests.xctest */,
			);
			name = Products;
			sourceTree = "<group>";
		};
		522779D11D7EB984006C9D94 /* RuntimePractice */ = {
			isa = PBXGroup;
			children = (
				522779D51D7EB984006C9D94 /* AppDelegate.h */,
				522779D61D7EB984006C9D94 /* AppDelegate.m */,
				522779D81D7EB984006C9D94 /* ViewController.h */,
				522779D91D7EB984006C9D94 /* ViewController.m */,
				522779DB1D7EB984006C9D94 /* Main.storyboard */,
				522779DE1D7EB984006C9D94 /* Assets.xcassets */,
				522779E01D7EB984006C9D94 /* LaunchScreen.storyboard */,
				522779E31D7EB984006C9D94 /* Info.plist */,
				52DF0A541D808B960055ADE8 /* PrefixHeader.pch */,
				52DF0A5C1D8099890055ADE8 /* GlobalFunction.h */,
				5221CE001D7F69DA0024653A /* categories */,
				52277A051D7EC4B0006C9D94 /* ViewControllers */,
				522779D21D7EB984006C9D94 /* Supporting Files */,
			);
			path = RuntimePractice;
			sourceTree = "<group>";
		};
		522779D21D7EB984006C9D94 /* Supporting Files */ = {
			isa = PBXGroup;
			children = (
				522779D31D7EB984006C9D94 /* main.m */,
			);
			name = "Supporting Files";
			sourceTree = "<group>";
		};
		522779EB1D7EB985006C9D94 /* RuntimePracticeTests */ = {
			isa = PBXGroup;
			children = (
				522779EC1D7EB985006C9D94 /* RuntimePracticeTests.m */,
				522779EE1D7EB985006C9D94 /* Info.plist */,
			);
			path = RuntimePracticeTests;
			sourceTree = "<group>";
		};
		522779F61D7EB985006C9D94 /* RuntimePracticeUITests */ = {
			isa = PBXGroup;
			children = (
				522779F71D7EB985006C9D94 /* RuntimePracticeUITests.m */,
				522779F91D7EB985006C9D94 /* Info.plist */,
			);
			path = RuntimePracticeUITests;
			sourceTree = "<group>";
		};
		52277A051D7EC4B0006C9D94 /* ViewControllers */ = {
			isa = PBXGroup;
			children = (
				52DF0A581D8093C00055ADE8 /* test1 */,
			);
			name = ViewControllers;
			sourceTree = "<group>";
		};
		52DF0A581D8093C00055ADE8 /* test1 */ = {
			isa = PBXGroup;
			children = (
				5200895B1D81F5DE00EBB4C6 /* Test2ViewController.h */,
				5200895C1D81F5DE00EBB4C6 /* Test2ViewController.m */,
				5200895E1D81FA2A00EBB4C6 /* Test1ViewController.h */,
				5200895F1D81FA2A00EBB4C6 /* Test1ViewController.m */,
			);
			name = test1;
			sourceTree = "<group>";
		};
		D0CA9BA4B6F58BD535B59ABE /* Pods */ = {
			isa = PBXGroup;
			children = (
				67BE6BFB486CFBC590B3BC8F /* Pods-RuntimePractice.debug.xcconfig */,
				E0EE169EB07E996D138FC831 /* Pods-RuntimePractice.release.xcconfig */,
				9C1A9C00D38FA9F67DC65F4A /* Pods-RuntimePracticeTests.debug.xcconfig */,
				2A1E651B57F0D602D9B83457 /* Pods-RuntimePracticeTests.release.xcconfig */,
				5367160BA0B714E8ED7DB8AD /* Pods-RuntimePracticeUITests.debug.xcconfig */,
				02333D54B5CE453D8314D0E5 /* Pods-RuntimePracticeUITests.release.xcconfig */,
			);
			name = Pods;
			sourceTree = "<group>";
		};
		E663D005A7AD50F2F1FD5E06 /* Frameworks */ = {
			isa = PBXGroup;
			children = (
				6F413FA19EB1AD38507811EF /* libPods-RuntimePractice.a */,
				C5F316DBC28D83DD115AC7DB /* libPods-RuntimePracticeTests.a */,
				2C08BF31EC67E6FBA75DC7DD /* libPods-RuntimePracticeUITests.a */,
			);
			name = Frameworks;
			sourceTree = "<group>";
		};
/* End PBXGroup section */

/* Begin PBXNativeTarget section */
		522779CE1D7EB984006C9D94 /* RuntimePractice */ = {
			isa = PBXNativeTarget;
			buildConfigurationList = 522779FC1D7EB985006C9D94 /* Build configuration list for PBXNativeTarget "RuntimePractice" */;
			buildPhases = (
				7F32BBE6D24110DF91D9AB80 /* [CP] Check Pods Manifest.lock */,
				522779CB1D7EB984006C9D94 /* Sources */,
				522779CC1D7EB984006C9D94 /* Frameworks */,
				522779CD1D7EB984006C9D94 /* Resources */,
				EC36C45859B7D9CEA5A73544 /* [CP] Embed Pods Frameworks */,
				0EC8731F9F9A3A1E8F3BB68D /* [CP] Copy Pods Resources */,
			);
			buildRules = (
			);
			dependencies = (
			);
			name = RuntimePractice;
			productName = RuntimePractice;
			productReference = 522779CF1D7EB984006C9D94 /* RuntimePractice.app */;
			productType = "com.apple.product-type.application";
		};
		522779E71D7EB985006C9D94 /* RuntimePracticeTests */ = {
			isa = PBXNativeTarget;
			buildConfigurationList = 522779FF1D7EB985006C9D94 /* Build configuration list for PBXNativeTarget "RuntimePracticeTests" */;
			buildPhases = (
				012DD7C2A838CD8D5C678EF8 /* [CP] Check Pods Manifest.lock */,
				522779E41D7EB985006C9D94 /* Sources */,
				522779E51D7EB985006C9D94 /* Frameworks */,
				522779E61D7EB985006C9D94 /* Resources */,
				B397CA98E3D5167E05A8BA23 /* [CP] Embed Pods Frameworks */,
				B0FFE27C3274CD31FDC33665 /* [CP] Copy Pods Resources */,
			);
			buildRules = (
			);
			dependencies = (
				522779EA1D7EB985006C9D94 /* PBXTargetDependency */,
			);
			name = RuntimePracticeTests;
			productName = RuntimePracticeTests;
			productReference = 522779E81D7EB985006C9D94 /* RuntimePracticeTests.xctest */;
			productType = "com.apple.product-type.bundle.unit-test";
		};
		522779F21D7EB985006C9D94 /* RuntimePracticeUITests */ = {
			isa = PBXNativeTarget;
			buildConfigurationList = 52277A021D7EB985006C9D94 /* Build configuration list for PBXNativeTarget "RuntimePracticeUITests" */;
			buildPhases = (
				0C00CA4BA3AC8017F99AB409 /* [CP] Check Pods Manifest.lock */,
				522779EF1D7EB985006C9D94 /* Sources */,
				522779F01D7EB985006C9D94 /* Frameworks */,
				522779F11D7EB985006C9D94 /* Resources */,
				D5A4C0DFA1230ECFC81655A1 /* [CP] Copy Pods Resources */,
			);
			buildRules = (
			);
			dependencies = (
				522779F51D7EB985006C9D94 /* PBXTargetDependency */,
			);
			name = RuntimePracticeUITests;
			productName = RuntimePracticeUITests;
			productReference = 522779F31D7EB985006C9D94 /* RuntimePracticeUITests.xctest */;
			productType = "com.apple.product-type.bundle.ui-testing";
		};
/* End PBXNativeTarget section */

/* Begin PBXProject section */
		522779C71D7EB984006C9D94 /* Project object */ = {
			isa = PBXProject;
			attributes = {
				LastUpgradeCheck = 0730;
				ORGANIZATIONNAME = I_MT;
				TargetAttributes = {
					522779CE1D7EB984006C9D94 = {
						CreatedOnToolsVersion = 7.3.1;
						SystemCapabilities = {
							com.apple.Maps.iOS = {
								enabled = 0;
							};
						};
					};
					522779E71D7EB985006C9D94 = {
						CreatedOnToolsVersion = 7.3.1;
						TestTargetID = 522779CE1D7EB984006C9D94;
					};
					522779F21D7EB985006C9D94 = {
						CreatedOnToolsVersion = 7.3.1;
						TestTargetID = 522779CE1D7EB984006C9D94;
					};
				};
			};
			buildConfigurationList = 522779CA1D7EB984006C9D94 /* Build configuration list for PBXProject "RuntimePractice" */;
			compatibilityVersion = "Xcode 3.2";
			developmentRegion = English;
			hasScannedForEncodings = 0;
			knownRegions = (
				en,
				Base,
			);
			mainGroup = 522779C61D7EB984006C9D94;
			productRefGroup = 522779D01D7EB984006C9D94 /* Products */;
			projectDirPath = "";
			projectRoot = "";
			targets = (
				522779CE1D7EB984006C9D94 /* RuntimePractice */,
				522779E71D7EB985006C9D94 /* RuntimePracticeTests */,
				522779F21D7EB985006C9D94 /* RuntimePracticeUITests */,
			);
		};
/* End PBXProject section */

/* Begin PBXResourcesBuildPhase section */
		522779CD1D7EB984006C9D94 /* Resources */ = {
			isa = PBXResourcesBuildPhase;
			buildActionMask = 2147483647;
			files = (
				522779E21D7EB984006C9D94 /* LaunchScreen.storyboard in Resources */,
				522779DF1D7EB984006C9D94 /* Assets.xcassets in Resources */,
				522779DD1D7EB984006C9D94 /* Main.storyboard in Resources */,
			);
			runOnlyForDeploymentPostprocessing = 0;
		};
		522779E61D7EB985006C9D94 /* Resources */ = {
			isa = PBXResourcesBuildPhase;
			buildActionMask = 2147483647;
			files = (
			);
			runOnlyForDeploymentPostprocessing = 0;
		};
		522779F11D7EB985006C9D94 /* Resources */ = {
			isa = PBXResourcesBuildPhase;
			buildActionMask = 2147483647;
			files = (
			);
			runOnlyForDeploymentPostprocessing = 0;
		};
/* End PBXResourcesBuildPhase section */

/* Begin PBXShellScriptBuildPhase section */
		012DD7C2A838CD8D5C678EF8 /* [CP] Check Pods Manifest.lock */ = {
			isa = PBXShellScriptBuildPhase;
			buildActionMask = 2147483647;
			files = (
			);
			inputPaths = (
			);
			name = "[CP] Check Pods Manifest.lock";
			outputPaths = (
			);
			runOnlyForDeploymentPostprocessing = 0;
			shellPath = /bin/sh;
			shellScript = "diff \"${PODS_ROOT}/../Podfile.lock\" \"${PODS_ROOT}/Manifest.lock\" > /dev/null\nif [[ $? != 0 ]] ; then\n    cat << EOM\nerror: The sandbox is not in sync with the Podfile.lock. Run 'pod install' or update your CocoaPods installation.\nEOM\n    exit 1\nfi\n";
			showEnvVarsInLog = 0;
		};
		0C00CA4BA3AC8017F99AB409 /* [CP] Check Pods Manifest.lock */ = {
			isa = PBXShellScriptBuildPhase;
			buildActionMask = 2147483647;
			files = (
			);
			inputPaths = (
			);
			name = "[CP] Check Pods Manifest.lock";
			outputPaths = (
			);
			runOnlyForDeploymentPostprocessing = 0;
			shellPath = /bin/sh;
			shellScript = "diff \"${PODS_ROOT}/../Podfile.lock\" \"${PODS_ROOT}/Manifest.lock\" > /dev/null\nif [[ $? != 0 ]] ; then\n    cat << EOM\nerror: The sandbox is not in sync with the Podfile.lock. Run 'pod install' or update your CocoaPods installation.\nEOM\n    exit 1\nfi\n";
			showEnvVarsInLog = 0;
		};
		0EC8731F9F9A3A1E8F3BB68D /* [CP] Copy Pods Resources */ = {
			isa = PBXShellScriptBuildPhase;
			buildActionMask = 2147483647;
			files = (
			);
			inputPaths = (
			);
			name = "[CP] Copy Pods Resources";
			outputPaths = (
			);
			runOnlyForDeploymentPostprocessing = 0;
			shellPath = /bin/sh;
			shellScript = "\"${SRCROOT}/Pods/Target Support Files/Pods-RuntimePractice/Pods-RuntimePractice-resources.sh\"\n";
			showEnvVarsInLog = 0;
		};
		7F32BBE6D24110DF91D9AB80 /* [CP] Check Pods Manifest.lock */ = {
			isa = PBXShellScriptBuildPhase;
			buildActionMask = 2147483647;
			files = (
			);
			inputPaths = (
			);
			name = "[CP] Check Pods Manifest.lock";
			outputPaths = (
			);
			runOnlyForDeploymentPostprocessing = 0;
			shellPath = /bin/sh;
			shellScript = "diff \"${PODS_ROOT}/../Podfile.lock\" \"${PODS_ROOT}/Manifest.lock\" > /dev/null\nif [[ $? != 0 ]] ; then\n    cat << EOM\nerror: The sandbox is not in sync with the Podfile.lock. Run 'pod install' or update your CocoaPods installation.\nEOM\n    exit 1\nfi\n";
			showEnvVarsInLog = 0;
		};
		B0FFE27C3274CD31FDC33665 /* [CP] Copy Pods Resources */ = {
			isa = PBXShellScriptBuildPhase;
			buildActionMask = 2147483647;
			files = (
			);
			inputPaths = (
			);
			name = "[CP] Copy Pods Resources";
			outputPaths = (
			);
			runOnlyForDeploymentPostprocessing = 0;
			shellPath = /bin/sh;
			shellScript = "\"${SRCROOT}/Pods/Target Support Files/Pods-RuntimePracticeTests/Pods-RuntimePracticeTests-resources.sh\"\n";
			showEnvVarsInLog = 0;
		};
		B397CA98E3D5167E05A8BA23 /* [CP] Embed Pods Frameworks */ = {
			isa = PBXShellScriptBuildPhase;
			buildActionMask = 2147483647;
			files = (
			);
			inputPaths = (
			);
			name = "[CP] Embed Pods Frameworks";
			outputPaths = (
			);
			runOnlyForDeploymentPostprocessing = 0;
			shellPath = /bin/sh;
			shellScript = "\"${SRCROOT}/Pods/Target Support Files/Pods-RuntimePracticeTests/Pods-RuntimePracticeTests-frameworks.sh\"\n";
			showEnvVarsInLog = 0;
		};
		D5A4C0DFA1230ECFC81655A1 /* [CP] Copy Pods Resources */ = {
			isa = PBXShellScriptBuildPhase;
			buildActionMask = 2147483647;
			files = (
			);
			inputPaths = (
			);
			name = "[CP] Copy Pods Resources";
			outputPaths = (
			);
			runOnlyForDeploymentPostprocessing = 0;
			shellPath = /bin/sh;
			shellScript = "\"${SRCROOT}/Pods/Target Support Files/Pods-RuntimePracticeUITests/Pods-RuntimePracticeUITests-resources.sh\"\n";
			showEnvVarsInLog = 0;
		};
		EC36C45859B7D9CEA5A73544 /* [CP] Embed Pods Frameworks */ = {
			isa = PBXShellScriptBuildPhase;
			buildActionMask = 2147483647;
			files = (
			);
			inputPaths = (
			);
			name = "[CP] Embed Pods Frameworks";
			outputPaths = (
			);
			runOnlyForDeploymentPostprocessing = 0;
			shellPath = /bin/sh;
			shellScript = "\"${SRCROOT}/Pods/Target Support Files/Pods-RuntimePractice/Pods-RuntimePractice-frameworks.sh\"\n";
			showEnvVarsInLog = 0;
		};
/* End PBXShellScriptBuildPhase section */

/* Begin PBXSourcesBuildPhase section */
		522779CB1D7EB984006C9D94 /* Sources */ = {
			isa = PBXSourcesBuildPhase;
			buildActionMask = 2147483647;
			files = (
				520089601D81FA2A00EBB4C6 /* Test1ViewController.m in Sources */,
				522779DA1D7EB984006C9D94 /* ViewController.m in Sources */,
				522779D71D7EB984006C9D94 /* AppDelegate.m in Sources */,
				5200895D1D81F5DE00EBB4C6 /* Test2ViewController.m in Sources */,
				522779D41D7EB984006C9D94 /* main.m in Sources */,
				5221CE031D7F69DA0024653A /* UIViewController+MethodSwizzling.m in Sources */,
			);
			runOnlyForDeploymentPostprocessing = 0;
		};
		522779E41D7EB985006C9D94 /* Sources */ = {
			isa = PBXSourcesBuildPhase;
			buildActionMask = 2147483647;
			files = (
				522779ED1D7EB985006C9D94 /* RuntimePracticeTests.m in Sources */,
			);
			runOnlyForDeploymentPostprocessing = 0;
		};
		522779EF1D7EB985006C9D94 /* Sources */ = {
			isa = PBXSourcesBuildPhase;
			buildActionMask = 2147483647;
			files = (
				522779F81D7EB985006C9D94 /* RuntimePracticeUITests.m in Sources */,
			);
			runOnlyForDeploymentPostprocessing = 0;
		};
/* End PBXSourcesBuildPhase section */

/* Begin PBXTargetDependency section */
		522779EA1D7EB985006C9D94 /* PBXTargetDependency */ = {
			isa = PBXTargetDependency;
			target = 522779CE1D7EB984006C9D94 /* RuntimePractice */;
			targetProxy = 522779E91D7EB985006C9D94 /* PBXContainerItemProxy */;
		};
		522779F51D7EB985006C9D94 /* PBXTargetDependency */ = {
			isa = PBXTargetDependency;
			target = 522779CE1D7EB984006C9D94 /* RuntimePractice */;
			targetProxy = 522779F41D7EB985006C9D94 /* PBXContainerItemProxy */;
		};
/* End PBXTargetDependency section */

/* Begin PBXVariantGroup section */
		522779DB1D7EB984006C9D94 /* Main.storyboard */ = {
			isa = PBXVariantGroup;
			children = (
				522779DC1D7EB984006C9D94 /* Base */,
			);
			name = Main.storyboard;
			sourceTree = "<group>";
		};
		522779E01D7EB984006C9D94 /* LaunchScreen.storyboard */ = {
			isa = PBXVariantGroup;
			children = (
				522779E11D7EB984006C9D94 /* Base */,
			);
			name = LaunchScreen.storyboard;
			sourceTree = "<group>";
		};
/* End PBXVariantGroup section */

/* Begin XCBuildConfiguration section */
		522779FA1D7EB985006C9D94 /* Debug */ = {
			isa = XCBuildConfiguration;
			buildSettings = {
				ALWAYS_SEARCH_USER_PATHS = NO;
				CLANG_ANALYZER_NONNULL = YES;
				CLANG_CXX_LANGUAGE_STANDARD = "gnu++0x";
				CLANG_CXX_LIBRARY = "libc++";
				CLANG_ENABLE_MODULES = YES;
				CLANG_ENABLE_OBJC_ARC = YES;
				CLANG_WARN_BOOL_CONVERSION = YES;
				CLANG_WARN_CONSTANT_CONVERSION = YES;
				CLANG_WARN_DIRECT_OBJC_ISA_USAGE = YES_ERROR;
				CLANG_WARN_EMPTY_BODY = YES;
				CLANG_WARN_ENUM_CONVERSION = YES;
				CLANG_WARN_INT_CONVERSION = YES;
				CLANG_WARN_OBJC_ROOT_CLASS = YES_ERROR;
				CLANG_WARN_UNREACHABLE_CODE = YES;
				CLANG_WARN__DUPLICATE_METHOD_MATCH = YES;
				"CODE_SIGN_IDENTITY[sdk=iphoneos*]" = "iPhone Developer";
				COPY_PHASE_STRIP = NO;
				DEBUG_INFORMATION_FORMAT = dwarf;
				ENABLE_STRICT_OBJC_MSGSEND = YES;
				ENABLE_TESTABILITY = YES;
				GCC_C_LANGUAGE_STANDARD = gnu99;
				GCC_DYNAMIC_NO_PIC = NO;
				GCC_NO_COMMON_BLOCKS = YES;
				GCC_OPTIMIZATION_LEVEL = 0;
				GCC_PREPROCESSOR_DEFINITIONS = (
					"DEBUG=1",
					"$(inherited)",
				);
				GCC_WARN_64_TO_32_BIT_CONVERSION = YES;
				GCC_WARN_ABOUT_RETURN_TYPE = YES_ERROR;
				GCC_WARN_UNDECLARED_SELECTOR = YES;
				GCC_WARN_UNINITIALIZED_AUTOS = YES_AGGRESSIVE;
				GCC_WARN_UNUSED_FUNCTION = YES;
				GCC_WARN_UNUSED_VARIABLE = YES;
				IPHONEOS_DEPLOYMENT_TARGET = 9.3;
				MTL_ENABLE_DEBUG_INFO = YES;
				ONLY_ACTIVE_ARCH = YES;
				SDKROOT = iphoneos;
				TARGETED_DEVICE_FAMILY = "1,2";
			};
			name = Debug;
		};
		522779FB1D7EB985006C9D94 /* Release */ = {
			isa = XCBuildConfiguration;
			buildSettings = {
				ALWAYS_SEARCH_USER_PATHS = NO;
				CLANG_ANALYZER_NONNULL = YES;
				CLANG_CXX_LANGUAGE_STANDARD = "gnu++0x";
				CLANG_CXX_LIBRARY = "libc++";
				CLANG_ENABLE_MODULES = YES;
				CLANG_ENABLE_OBJC_ARC = YES;
				CLANG_WARN_BOOL_CONVERSION = YES;
				CLANG_WARN_CONSTANT_CONVERSION = YES;
				CLANG_WARN_DIRECT_OBJC_ISA_USAGE = YES_ERROR;
				CLANG_WARN_EMPTY_BODY = YES;
				CLANG_WARN_ENUM_CONVERSION = YES;
				CLANG_WARN_INT_CONVERSION = YES;
				CLANG_WARN_OBJC_ROOT_CLASS = YES_ERROR;
				CLANG_WARN_UNREACHABLE_CODE = YES;
				CLANG_WARN__DUPLICATE_METHOD_MATCH = YES;
				"CODE_SIGN_IDENTITY[sdk=iphoneos*]" = "iPhone Developer";
				COPY_PHASE_STRIP = NO;
				DEBUG_INFORMATION_FORMAT = "dwarf-with-dsym";
				ENABLE_NS_ASSERTIONS = NO;
				ENABLE_STRICT_OBJC_MSGSEND = YES;
				GCC_C_LANGUAGE_STANDARD = gnu99;
				GCC_NO_COMMON_BLOCKS = YES;
				GCC_WARN_64_TO_32_BIT_CONVERSION = YES;
				GCC_WARN_ABOUT_RETURN_TYPE = YES_ERROR;
				GCC_WARN_UNDECLARED_SELECTOR = YES;
				GCC_WARN_UNINITIALIZED_AUTOS = YES_AGGRESSIVE;
				GCC_WARN_UNUSED_FUNCTION = YES;
				GCC_WARN_UNUSED_VARIABLE = YES;
				IPHONEOS_DEPLOYMENT_TARGET = 9.3;
				MTL_ENABLE_DEBUG_INFO = NO;
				SDKROOT = iphoneos;
				TARGETED_DEVICE_FAMILY = "1,2";
				VALIDATE_PRODUCT = YES;
			};
			name = Release;
		};
		522779FD1D7EB985006C9D94 /* Debug */ = {
			isa = XCBuildConfiguration;
			baseConfigurationReference = 67BE6BFB486CFBC590B3BC8F /* Pods-RuntimePractice.debug.xcconfig */;
			buildSettings = {
				ASSETCATALOG_COMPILER_APPICON_NAME = AppIcon;
				GCC_PREFIX_HEADER = RuntimePractice/PrefixHeader.pch;
				INFOPLIST_FILE = RuntimePractice/Info.plist;
				LD_RUNPATH_SEARCH_PATHS = "$(inherited) @executable_path/Frameworks";
				PRODUCT_BUNDLE_IDENTIFIER = MT.RuntimePractice;
				PRODUCT_NAME = "$(TARGET_NAME)";
				USER_HEADER_SEARCH_PATHS = "${SRCROOT}/**";
			};
			name = Debug;
		};
		522779FE1D7EB985006C9D94 /* Release */ = {
			isa = XCBuildConfiguration;
			baseConfigurationReference = E0EE169EB07E996D138FC831 /* Pods-RuntimePractice.release.xcconfig */;
			buildSettings = {
				ASSETCATALOG_COMPILER_APPICON_NAME = AppIcon;
				GCC_PREFIX_HEADER = RuntimePractice/PrefixHeader.pch;
				INFOPLIST_FILE = RuntimePractice/Info.plist;
				LD_RUNPATH_SEARCH_PATHS = "$(inherited) @executable_path/Frameworks";
				PRODUCT_BUNDLE_IDENTIFIER = MT.RuntimePractice;
				PRODUCT_NAME = "$(TARGET_NAME)";
				USER_HEADER_SEARCH_PATHS = "${SRCROOT}/**";
			};
			name = Release;
		};
		52277A001D7EB985006C9D94 /* Debug */ = {
			isa = XCBuildConfiguration;
			baseConfigurationReference = 9C1A9C00D38FA9F67DC65F4A /* Pods-RuntimePracticeTests.debug.xcconfig */;
			buildSettings = {
				BUNDLE_LOADER = "$(TEST_HOST)";
				INFOPLIST_FILE = RuntimePracticeTests/Info.plist;
				LD_RUNPATH_SEARCH_PATHS = "$(inherited) @executable_path/Frameworks @loader_path/Frameworks";
				PRODUCT_BUNDLE_IDENTIFIER = MT.RuntimePracticeTests;
				PRODUCT_NAME = "$(TARGET_NAME)";
				TEST_HOST = "$(BUILT_PRODUCTS_DIR)/RuntimePractice.app/RuntimePractice";
			};
			name = Debug;
		};
		52277A011D7EB985006C9D94 /* Release */ = {
			isa = XCBuildConfiguration;
			baseConfigurationReference = 2A1E651B57F0D602D9B83457 /* Pods-RuntimePracticeTests.release.xcconfig */;
			buildSettings = {
				BUNDLE_LOADER = "$(TEST_HOST)";
				INFOPLIST_FILE = RuntimePracticeTests/Info.plist;
				LD_RUNPATH_SEARCH_PATHS = "$(inherited) @executable_path/Frameworks @loader_path/Frameworks";
				PRODUCT_BUNDLE_IDENTIFIER = MT.RuntimePracticeTests;
				PRODUCT_NAME = "$(TARGET_NAME)";
				TEST_HOST = "$(BUILT_PRODUCTS_DIR)/RuntimePractice.app/RuntimePractice";
			};
			name = Release;
		};
		52277A031D7EB985006C9D94 /* Debug */ = {
			isa = XCBuildConfiguration;
			baseConfigurationReference = 5367160BA0B714E8ED7DB8AD /* Pods-RuntimePracticeUITests.debug.xcconfig */;
			buildSettings = {
				INFOPLIST_FILE = RuntimePracticeUITests/Info.plist;
				LD_RUNPATH_SEARCH_PATHS = "$(inherited) @executable_path/Frameworks @loader_path/Frameworks";
				PRODUCT_BUNDLE_IDENTIFIER = MT.RuntimePracticeUITests;
				PRODUCT_NAME = "$(TARGET_NAME)";
				TEST_TARGET_NAME = RuntimePractice;
			};
			name = Debug;
		};
		52277A041D7EB985006C9D94 /* Release */ = {
			isa = XCBuildConfiguration;
			baseConfigurationReference = 02333D54B5CE453D8314D0E5 /* Pods-RuntimePracticeUITests.release.xcconfig */;
			buildSettings = {
				INFOPLIST_FILE = RuntimePracticeUITests/Info.plist;
				LD_RUNPATH_SEARCH_PATHS = "$(inherited) @executable_path/Frameworks @loader_path/Frameworks";
				PRODUCT_BUNDLE_IDENTIFIER = MT.RuntimePracticeUITests;
				PRODUCT_NAME = "$(TARGET_NAME)";
				TEST_TARGET_NAME = RuntimePractice;
			};
			name = Release;
		};
/* End XCBuildConfiguration section */

/* Begin XCConfigurationList section */
		522779CA1D7EB984006C9D94 /* Build configuration list for PBXProject "RuntimePractice" */ = {
			isa = XCConfigurationList;
			buildConfigurations = (
				522779FA1D7EB985006C9D94 /* Debug */,
				522779FB1D7EB985006C9D94 /* Release */,
			);
			defaultConfigurationIsVisible = 0;
			defaultConfigurationName = Release;
		};
		522779FC1D7EB985006C9D94 /* Build configuration list for PBXNativeTarget "RuntimePractice" */ = {
			isa = XCConfigurationList;
			buildConfigurations = (
				522779FD1D7EB985006C9D94 /* Debug */,
				522779FE1D7EB985006C9D94 /* Release */,
			);
			defaultConfigurationIsVisible = 0;
			defaultConfigurationName = Release;
		};
		522779FF1D7EB985006C9D94 /* Build configuration list for PBXNativeTarget "RuntimePracticeTests" */ = {
			isa = XCConfigurationList;
			buildConfigurations = (
				52277A001D7EB985006C9D94 /* Debug */,
				52277A011D7EB985006C9D94 /* Release */,
			);
			defaultConfigurationIsVisible = 0;
			defaultConfigurationName = Release;
		};
		52277A021D7EB985006C9D94 /* Build configuration list for PBXNativeTarget "RuntimePracticeUITests" */ = {
			isa = XCConfigurationList;
			buildConfigurations = (
				52277A031D7EB985006C9D94 /* Debug */,
				52277A041D7EB985006C9D94 /* Release */,
			);
			defaultConfigurationIsVisible = 0;
			defaultConfigurationName = Release;
		};
/* End XCConfigurationList section */
	};
	rootObject = 522779C71D7EB984006C9D94 /* Project object */;
}
